
Microsoft Visual Studio Solution File, Format Version 12.00
# Visual Studio Version 16
VisualStudioVersion = 16.0.30907.101
MinimumVisualStudioVersion = 10.0.40219.1
Project("{FAE04EC0-301F-11D3-BF4B-00C04F79EFBC}") = "JsonToLinQ", "JsonToLinQ\JsonToLinQ.csproj", "{42E12303-B9ED-4991-BE87-66362F71E85A}"
EndProject
Global
	GlobalSection(SolutionConfigurationPlatforms) = preSolution
		Debug|Any CPU = Debug|Any CPU
		Release|Any CPU = Release|Any CPU
	EndGlobalSection
	GlobalSection(ProjectConfigurationPlatforms) = postSolution
		{42E12303-B9ED-4991-BE87-66362F71E85A}.Debug|Any CPU.ActiveCfg = Debug|Any CPU
		{42E12303-B9ED-4991-BE87-66362F71E85A}.Debug|Any CPU.Build.0 = Debug|Any CPU
		{42E12303-B9ED-4991-BE87-66362F71E85A}.Release|Any CPU.ActiveCfg = Release|Any CPU
		{42E12303-B9ED-4991-BE87-66362F71E85A}.Release|Any CPU.Build.0 = Release|Any CPU
	EndGlobalSection
	GlobalSection(SolutionProperties) = preSolution
		HideSolutionNode = FALSE
	EndGlobalSection
	GlobalSection(ExtensibilityGlobals) = postSolution
		SolutionGuid = {048BECD6-DE34-4CE6-9D07-3BE2E6074BEF}
	EndGlobalSection
EndGlobal
